
Microsoft Visual Studio Solution File, Format Version 12.00
# Visual Studio Version 17
VisualStudioVersion = 17.2.32526.322
MinimumVisualStudioVersion = 10.0.40219.1
Project("{FAE04EC0-301F-11D3-BF4B-00C04F79EFBC}") = "RemoveDuplicateSortedArray", "RemoveDuplicateSortedArray\RemoveDuplicateSortedArray.csproj", "{02C26E9F-C508-44E6-B3F3-FC29CFDBFB95}"
EndProject
Global
	GlobalSection(SolutionConfigurationPlatforms) = preSolution
		Debug|Any CPU = Debug|Any CPU
		Release|Any CPU = Release|Any CPU
	EndGlobalSection
	GlobalSection(ProjectConfigurationPlatforms) = postSolution
		{02C26E9F-C508-44E6-B3F3-FC29CFDBFB95}.Debug|Any CPU.ActiveCfg = Debug|Any CPU
		{02C26E9F-C508-44E6-B3F3-FC29CFDBFB95}.Debug|Any CPU.Build.0 = Debug|Any CPU
		{02C26E9F-C508-44E6-B3F3-FC29CFDBFB95}.Release|Any CPU.ActiveCfg = Release|Any CPU
		{02C26E9F-C508-44E6-B3F3-FC29CFDBFB95}.Release|Any CPU.Build.0 = Release|Any CPU
	EndGlobalSection
	GlobalSection(SolutionProperties) = preSolution
		HideSolutionNode = FALSE
	EndGlobalSection
	GlobalSection(ExtensibilityGlobals) = postSolution
		SolutionGuid = {C105E193-51A5-4EAB-843A-7D54CC765972}
	EndGlobalSection
EndGlobal
