
Microsoft Visual Studio Solution File, Format Version 12.00
# Visual Studio Version 17
VisualStudioVersion = 17.2.32526.322
MinimumVisualStudioVersion = 10.0.40219.1
Project("{FAE04EC0-301F-11D3-BF4B-00C04F79EFBC}") = "RemoveNthNodeLinkedList", "RemoveNthNodeLinkedList\RemoveNthNodeLinkedList.csproj", "{697366F5-99E0-440D-A434-5EEB4C326EDC}"
EndProject
Global
	GlobalSection(SolutionConfigurationPlatforms) = preSolution
		Debug|Any CPU = Debug|Any CPU
		Release|Any CPU = Release|Any CPU
	EndGlobalSection
	GlobalSection(ProjectConfigurationPlatforms) = postSolution
		{697366F5-99E0-440D-A434-5EEB4C326EDC}.Debug|Any CPU.ActiveCfg = Debug|Any CPU
		{697366F5-99E0-440D-A434-5EEB4C326EDC}.Debug|Any CPU.Build.0 = Debug|Any CPU
		{697366F5-99E0-440D-A434-5EEB4C326EDC}.Release|Any CPU.ActiveCfg = Release|Any CPU
		{697366F5-99E0-440D-A434-5EEB4C326EDC}.Release|Any CPU.Build.0 = Release|Any CPU
	EndGlobalSection
	GlobalSection(SolutionProperties) = preSolution
		HideSolutionNode = FALSE
	EndGlobalSection
	GlobalSection(ExtensibilityGlobals) = postSolution
		SolutionGuid = {88D0A890-14BD-4A46-A9CC-6B3CD0216AB5}
	EndGlobalSection
EndGlobal
